
Microsoft Visual Studio Solution File, Format Version 12.00
# Visual Studio Version 17
VisualStudioVersion = 17.9.34622.214
MinimumVisualStudioVersion = 10.0.40219.1
Project("{FAE04EC0-301F-11D3-BF4B-00C04F79EFBC}") = "22_04", "22_04\22_04.csproj", "{00B0B0F7-AEF0-4147-99A7-35F281B5E1D1}"
EndProject
Global
	GlobalSection(SolutionConfigurationPlatforms) = preSolution
		Debug|Any CPU = Debug|Any CPU
		Release|Any CPU = Release|Any CPU
	EndGlobalSection
	GlobalSection(ProjectConfigurationPlatforms) = postSolution
		{00B0B0F7-AEF0-4147-99A7-35F281B5E1D1}.Debug|Any CPU.ActiveCfg = Debug|Any CPU
		{00B0B0F7-AEF0-4147-99A7-35F281B5E1D1}.Debug|Any CPU.Build.0 = Debug|Any CPU
		{00B0B0F7-AEF0-4147-99A7-35F281B5E1D1}.Release|Any CPU.ActiveCfg = Release|Any CPU
		{00B0B0F7-AEF0-4147-99A7-35F281B5E1D1}.Release|Any CPU.Build.0 = Release|Any CPU
	EndGlobalSection
	GlobalSection(SolutionProperties) = preSolution
		HideSolutionNode = FALSE
	EndGlobalSection
	GlobalSection(ExtensibilityGlobals) = postSolution
		SolutionGuid = {4D197C0E-A45A-47E2-A746-67F9A6C09046}
	EndGlobalSection
EndGlobal
