
Microsoft Visual Studio Solution File, Format Version 12.00
# Visual Studio Version 17
VisualStudioVersion = 17.8.34525.116
MinimumVisualStudioVersion = 10.0.40219.1
Project("{FAE04EC0-301F-11D3-BF4B-00C04F79EFBC}") = "1902", "1902\1902.csproj", "{A6ACA487-8AB2-4D68-8CB4-E21541317B68}"
EndProject
Project("{FAE04EC0-301F-11D3-BF4B-00C04F79EFBC}") = "zadelane na pamet", "zadelane na pamet\zadelane na pamet.csproj", "{F1F9CABA-44FE-4256-B05E-73CE9145F888}"
EndProject
Global
	GlobalSection(SolutionConfigurationPlatforms) = preSolution
		Debug|Any CPU = Debug|Any CPU
		Release|Any CPU = Release|Any CPU
	EndGlobalSection
	GlobalSection(ProjectConfigurationPlatforms) = postSolution
		{A6ACA487-8AB2-4D68-8CB4-E21541317B68}.Debug|Any CPU.ActiveCfg = Debug|Any CPU
		{A6ACA487-8AB2-4D68-8CB4-E21541317B68}.Debug|Any CPU.Build.0 = Debug|Any CPU
		{A6ACA487-8AB2-4D68-8CB4-E21541317B68}.Release|Any CPU.ActiveCfg = Release|Any CPU
		{A6ACA487-8AB2-4D68-8CB4-E21541317B68}.Release|Any CPU.Build.0 = Release|Any CPU
		{F1F9CABA-44FE-4256-B05E-73CE9145F888}.Debug|Any CPU.ActiveCfg = Debug|Any CPU
		{F1F9CABA-44FE-4256-B05E-73CE9145F888}.Debug|Any CPU.Build.0 = Debug|Any CPU
		{F1F9CABA-44FE-4256-B05E-73CE9145F888}.Release|Any CPU.ActiveCfg = Release|Any CPU
		{F1F9CABA-44FE-4256-B05E-73CE9145F888}.Release|Any CPU.Build.0 = Release|Any CPU
	EndGlobalSection
	GlobalSection(SolutionProperties) = preSolution
		HideSolutionNode = FALSE
	EndGlobalSection
	GlobalSection(ExtensibilityGlobals) = postSolution
		SolutionGuid = {02B0A402-DCD7-46F2-BED1-52929D3726AB}
	EndGlobalSection
EndGlobal
