
Microsoft Visual Studio Solution File, Format Version 12.00
# Visual Studio Version 17
VisualStudioVersion = 17.9.34622.214
MinimumVisualStudioVersion = 10.0.40219.1
Project("{FAE04EC0-301F-11D3-BF4B-00C04F79EFBC}") = "klasove", "klasove\klasove.csproj", "{39D60937-E25B-4EE4-BD40-A54B6D561FAC}"
EndProject
Global
	GlobalSection(SolutionConfigurationPlatforms) = preSolution
		Debug|Any CPU = Debug|Any CPU
		Release|Any CPU = Release|Any CPU
	EndGlobalSection
	GlobalSection(ProjectConfigurationPlatforms) = postSolution
		{39D60937-E25B-4EE4-BD40-A54B6D561FAC}.Debug|Any CPU.ActiveCfg = Debug|Any CPU
		{39D60937-E25B-4EE4-BD40-A54B6D561FAC}.Debug|Any CPU.Build.0 = Debug|Any CPU
		{39D60937-E25B-4EE4-BD40-A54B6D561FAC}.Release|Any CPU.ActiveCfg = Release|Any CPU
		{39D60937-E25B-4EE4-BD40-A54B6D561FAC}.Release|Any CPU.Build.0 = Release|Any CPU
	EndGlobalSection
	GlobalSection(SolutionProperties) = preSolution
		HideSolutionNode = FALSE
	EndGlobalSection
	GlobalSection(ExtensibilityGlobals) = postSolution
		SolutionGuid = {49E76042-9E97-4602-8B3D-6006D7C4903F}
	EndGlobalSection
EndGlobal
